{
    "_meta": {
        "hash": {
            "sha256": "0fff0d5024b234ab4794f2e89e734c81b05b66d22d980ff6d046f423002a42e6"
        },
        "pipfile-spec": 6,
        "requires": {
            "python_version": "3.10"
        },
        "sources": [
            {
                "name": "pypi",
                "url": "https://pypi.org/simple",
                "verify_ssl": true
            }
        ]
    },
    "default": {
        "certifi": {
            "hashes": [
                "sha256:36973885b9542e6bd01dea287b2b4b3b21236307c56324fcc3f1160f2d655ed5",
                "sha256:e232343de1ab72c2aa521b625c80f699e356830fd0e2c620b465b304b17b0516"
            ],
            "markers": "python_version >= '3.6'",
            "version": "==2022.9.14"
        },
        "charset-normalizer": {
            "hashes": [
                "sha256:5a3d016c7c547f69d6f81fb0db9449ce888b418b5b9952cc5e6e66843e9dd845",
                "sha256:83e9a75d1911279afd89352c68b45348559d1fc0506b054b346651b5e7fee29f"
            ],
            "markers": "python_version >= '3.6'",
            "version": "==2.1.1"
        },
        "idna": {
            "hashes": [
                "sha256:814f528e8dead7d329833b91c5faa87d60bf71824cd12a7530b5526063d02cb4",
                "sha256:90b77e79eaa3eba6de819a0c442c0b4ceefc341a7a2ab77d7562bf49f425c5c2"
            ],
            "markers": "python_version >= '3.5'",
            "version": "==3.4"
        },
        "praw": {
            "hashes": [
                "sha256:0d8a75c8c9f78c0101f31653b68d23d0d9cee9a6ada7910f809610edcd905090",
                "sha256:3eeebe093f2d905b6c99e18aa8c8f64071b2e7a05e60b618166ee53397cdae72"
            ],
            "index": "pypi",
            "version": "==7.6.0"
        },
        "prawcore": {
            "hashes": [
                "sha256:48c17db447fa06a13ca3e722201f443031437708daa736c05a1df895fbcceff5",
                "sha256:daf1ccd4b7a80dc4e6567d48336d782e94a9a6dad83770fc2edf76dc9a84f56d"
            ],
            "markers": "python_version ~= '3.6'",
            "version": "==2.3.0"
        },
        "pycairo": {
            "hashes": [
                "sha256:251907f18a552df938aa3386657ff4b5a4937dde70e11aa042bc297957f4b74b",
                "sha256:26b72b813c6f9d495f71057eab89c13e70a21c92360e9265abc049e0a931fa39",
                "sha256:31e1c4850db03201d33929cbe1905ce1b33202683ebda7bb0d4dba489115066b",
                "sha256:4357f20a6b1de8f1e8072a74ff68ab4c9a0ae698cd9f5c0f2b2cdd9b28b635f6",
                "sha256:44a2ecf34968de07b3b9dfdcdbccbd25aa3cab267200f234f84e81481a73bbf6",
                "sha256:6d37375aab9f2bb6136f076c19815d72108383baae89fbc0d6cb8e5092217d02",
                "sha256:70936b19f967fa3cb3cd200c2608911227fa5d09dae21c166f64bc15e714ee41",
                "sha256:dace6b356c476de27f8e1522428ac21a799c225703f746e2957d441f885dcb6c",
                "sha256:f63c153a9ea3d21aff85e2caeee4b0c5d566b2368b4ed64826020d12953d76a4"
            ],
            "index": "pypi",
            "version": "==1.21.0"
        },
        "pygobject": {
            "hashes": [
                "sha256:21524cef33100c8fd59dc135948b703d79d303e368ce71fa60521cc971cd8aa7"
            ],
            "index": "pypi",
            "version": "==3.42.2"
        },
        "requests": {
            "hashes": [
                "sha256:7c5599b102feddaa661c826c56ab4fee28bfd17f5abca1ebbe3e7f19d7c97983",
                "sha256:8fefa2a1a1365bf5520aac41836fbee479da67864514bdb821f31ce07ce65349"
            ],
            "markers": "python_version >= '3.7' and python_version < '4'",
            "version": "==2.28.1"
        },
        "update-checker": {
            "hashes": [
                "sha256:6a2d45bb4ac585884a6b03f9eade9161cedd9e8111545141e9aa9058932acb13",
                "sha256:cbba64760a36fe2640d80d85306e8fe82b6816659190993b7bdabadee4d4bbfd"
            ],
            "version": "==0.18.0"
        },
        "urllib3": {
            "hashes": [
                "sha256:3fa96cf423e6987997fc326ae8df396db2a8b7c667747d47ddd8ecba91f4a74e",
                "sha256:b930dd878d5a8afb066a637fbb35144fe7901e3b209d1cd4f524bd0e9deee997"
            ],
            "markers": "python_version >= '2.7' and python_version not in '3.0, 3.1, 3.2, 3.3, 3.4, 3.5' and python_version < '4'",
            "version": "==1.26.12"
        },
        "websocket-client": {
            "hashes": [
                "sha256:398909eb7e261f44b8f4bd474785b6ec5f5b499d4953342fe9755e01ef624090",
                "sha256:f9611eb65c8241a67fb373bef040b3cf8ad377a9f6546a12b620b6511e8ea9ef"
            ],
            "markers": "python_version >= '3.7'",
            "version": "==1.4.1"
        }
    },
    "develop": {
        "nuitka": {
            "hashes": [
                "sha256:65da08b64330b8494bfcd2afa1c37bbc3a8e4a84c4e39861b443ab570c091672"
            ],
            "index": "pypi",
            "version": "==1.0.7"
        }
    }
}
